github.com/kardianos/osext v0.0.0-20190222173326-2bc1f35cddc0 h1:iQTw/8FWTuc7uiaSepXwyf3o52HaUYcV+Tu66S3F5GA=
github.com/kardianos/osext v0.0.0-20190222173326-2bc1f35cddc0/go.mod h1:1NbS8ALrpOvjt0rHPNLyCIeMtbizbir8U//inJ+zuB8=
github.com/orme292/objectify v0.2.0 h1:MvvhrDh8q/AOI4RA58V3rsUs7/2Je6hvQDT1jg8TiM0=
github.com/orme292/objectify v0.2.0/go.mod h1:3+eIByxdnnMDiJ2cjByPvAttulndjAjzITugTdEo1X4=
