github.com/kardianos/osext v0.0.0-20190222173326-2bc1f35cddc0 h1:iQTw/8FWTuc7uiaSepXwyf3o52HaUYcV+Tu66S3F5GA=
github.com/kardianos/osext v0.0.0-20190222173326-2bc1f35cddc0/go.mod h1:1NbS8ALrpOvjt0rHPNLyCIeMtbizbir8U//inJ+zuB8=
github.com/orme292/objectify v0.2.1-0.20240501194249-798417d3638f h1:T9b10nqSMekujdFzKhcrm6Aj/d7jSt5SSRC6VlLX/2s=
github.com/orme292/objectify v0.2.1-0.20240501194249-798417d3638f/go.mod h1:3+eIByxdnnMDiJ2cjByPvAttulndjAjzITugTdEo1X4=
github.com/orme292/objectify v0.3.1 h1:GHK1GKufSTt7d0gd9UbkifHsCvvfKrDhFRwr2VU6+GA=
github.com/orme292/objectify v0.3.1/go.mod h1:3+eIByxdnnMDiJ2cjByPvAttulndjAjzITugTdEo1X4=
